
Microsoft Visual Studio Solution File, Format Version 12.00
# Visual Studio 15
VisualStudioVersion = 15.0.28307.438
MinimumVisualStudioVersion = 10.0.40219.1
Project("{9A19103F-16F7-4668-BE54-9A1E7A4F7556}") = "Shop3", "Shop3\Shop3.csproj", "{C98F07B6-1912-4D32-B3F0-F3B7C023D57D}"
EndProject
Project("{9A19103F-16F7-4668-BE54-9A1E7A4F7556}") = "Shop3.Infrastructure", "Shop3.Infrastructure\Shop3.Infrastructure.csproj", "{FD89CC3B-E912-41ED-8F76-E5AA89D5921E}"
EndProject
Project("{9A19103F-16F7-4668-BE54-9A1E7A4F7556}") = "Shop3.Utilities", "Shp3.Utilities\Shop3.Utilities.csproj", "{7FFD7DEF-C284-4946-AF9F-5A711DC52C69}"
EndProject
Project("{9A19103F-16F7-4668-BE54-9A1E7A4F7556}") = "Shop3.Data", "Shop3.Data\Shop3.Data.csproj", "{B30105D7-5D1F-4977-87B5-713E8D53863A}"
EndProject
Project("{9A19103F-16F7-4668-BE54-9A1E7A4F7556}") = "Shop3.Data.EF", "Shop3.Data.EF\Shop3.Data.EF.csproj", "{C2D9E003-D565-431F-B4AA-88BC9E73E859}"
EndProject
Project("{9A19103F-16F7-4668-BE54-9A1E7A4F7556}") = "Shop3.Application", "Shop3.Application\Shop3.Application.csproj", "{A0043558-07B4-45D5-A6CF-F3172F0FE7F0}"
EndProject
Project("{2150E333-8FDC-42A3-9474-1A3956D46DE8}") = "1_Presentation", "1_Presentation", "{E962781E-019E-47F9-B0E0-659A6E9B525A}"
EndProject
Project("{2150E333-8FDC-42A3-9474-1A3956D46DE8}") = "2_Application", "2_Application", "{7D42C952-E205-4FE3-B09D-014F80050AA4}"
EndProject
Project("{2150E333-8FDC-42A3-9474-1A3956D46DE8}") = "3_Domain", "3_Domain", "{7FFF42B8-1D0B-4A5F-B912-3360F8EAA8EE}"
EndProject
Project("{2150E333-8FDC-42A3-9474-1A3956D46DE8}") = "4_Infratructure", "4_Infratructure", "{FA7AE2AE-2C6E-4D95-ABAB-B61C4C05D534}"
EndProject
Project("{9A19103F-16F7-4668-BE54-9A1E7A4F7556}") = "Shop3.Application.Dapper", "Shop3.Application.Dapper\Shop3.Application.Dapper.csproj", "{7E08069F-28D6-443F-8901-2CCF87EDB4C4}"
EndProject
Project("{9A19103F-16F7-4668-BE54-9A1E7A4F7556}") = "Shop3.WebApi", "Shop3.WebApi\Shop3.WebApi.csproj", "{B39B5C79-1528-45D6-84E2-3E37316CB92C}"
EndProject
Project("{2150E333-8FDC-42A3-9474-1A3956D46DE8}") = "5_UnitTest", "5_UnitTest", "{03529658-7C3D-430C-9AC6-BC2B02FEF2AF}"
EndProject
Project("{9A19103F-16F7-4668-BE54-9A1E7A4F7556}") = "Shop3.ApiTest", "Shop3.ApiTest\Shop3.ApiTest.csproj", "{C64CB5F7-2AC3-4EF3-B2C6-5A0B23CD0E77}"
EndProject
Project("{9A19103F-16F7-4668-BE54-9A1E7A4F7556}") = "Shop3.WebTest", "Shop3.WebTest\Shop3.WebTest.csproj", "{9FFEF81B-F355-49CA-9ADF-08CFAACFD9BE}"
EndProject
Project("{9A19103F-16F7-4668-BE54-9A1E7A4F7556}") = "Shop3.AppliactionTest", "Shop3.AppliactionTest\Shop3.AppliactionTest.csproj", "{ABCEB6AC-7150-4DA4-ADE6-27AEC22876C4}"
EndProject
Project("{2150E333-8FDC-42A3-9474-1A3956D46DE8}") = "4_InfratructureTest", "4_InfratructureTest", "{8B6B59C3-9BEF-4D4B-AAD1-8F465AAD3139}"
EndProject
Project("{2150E333-8FDC-42A3-9474-1A3956D46DE8}") = "3_DomainTest", "3_DomainTest", "{8DC4DDBA-E89C-4095-B6B3-56E692FA9107}"
EndProject
Project("{2150E333-8FDC-42A3-9474-1A3956D46DE8}") = "2_ApplicationTest", "2_ApplicationTest", "{8ABA238D-13E3-4F40-9EC3-66630E88A22F}"
EndProject
Project("{2150E333-8FDC-42A3-9474-1A3956D46DE8}") = "1_PresentationTest", "1_PresentationTest", "{5F7AF4D8-68E2-4AE0-B472-FE5BF3F8479D}"
EndProject
Project("{9A19103F-16F7-4668-BE54-9A1E7A4F7556}") = "Shop3.Data.EFTest", "Shop3.Data.EFTest\Shop3.Data.EFTest.csproj", "{A8FA8285-DB37-46B3-A0FF-84472AA321A0}"
EndProject
Project("{9A19103F-16F7-4668-BE54-9A1E7A4F7556}") = "Shop3.InfrastructureTest", "Shop3.InfrastructureTest\Shop3.InfrastructureTest.csproj", "{238AE8E1-2257-43D1-92E5-806E22DC4B35}"
EndProject
Project("{9A19103F-16F7-4668-BE54-9A1E7A4F7556}") = "Shop3.UtilitiesTest", "Shop3.UtilitiesTest\Shop3.UtilitiesTest.csproj", "{7B7D4037-907C-4C78-97E6-70FBDF2B7E2A}"
EndProject
Project("{FAE04EC0-301F-11D3-BF4B-00C04F79EFBC}") = "Shop3.Application.DapperTest", "Shop3.Application.DapperTest\Shop3.Application.DapperTest.csproj", "{AB43999A-42A4-47D9-BC1F-E676D3C36DBA}"
EndProject
Global
	GlobalSection(SolutionConfigurationPlatforms) = preSolution
		Debug|Any CPU = Debug|Any CPU
		Release|Any CPU = Release|Any CPU
	EndGlobalSection
	GlobalSection(ProjectConfigurationPlatforms) = postSolution
		{C98F07B6-1912-4D32-B3F0-F3B7C023D57D}.Debug|Any CPU.ActiveCfg = Debug|Any CPU
		{C98F07B6-1912-4D32-B3F0-F3B7C023D57D}.Debug|Any CPU.Build.0 = Debug|Any CPU
		{C98F07B6-1912-4D32-B3F0-F3B7C023D57D}.Release|Any CPU.ActiveCfg = Release|Any CPU
		{C98F07B6-1912-4D32-B3F0-F3B7C023D57D}.Release|Any CPU.Build.0 = Release|Any CPU
		{FD89CC3B-E912-41ED-8F76-E5AA89D5921E}.Debug|Any CPU.ActiveCfg = Debug|Any CPU
		{FD89CC3B-E912-41ED-8F76-E5AA89D5921E}.Debug|Any CPU.Build.0 = Debug|Any CPU
		{FD89CC3B-E912-41ED-8F76-E5AA89D5921E}.Release|Any CPU.ActiveCfg = Release|Any CPU
		{FD89CC3B-E912-41ED-8F76-E5AA89D5921E}.Release|Any CPU.Build.0 = Release|Any CPU
		{7FFD7DEF-C284-4946-AF9F-5A711DC52C69}.Debug|Any CPU.ActiveCfg = Debug|Any CPU
		{7FFD7DEF-C284-4946-AF9F-5A711DC52C69}.Debug|Any CPU.Build.0 = Debug|Any CPU
		{7FFD7DEF-C284-4946-AF9F-5A711DC52C69}.Release|Any CPU.ActiveCfg = Release|Any CPU
		{7FFD7DEF-C284-4946-AF9F-5A711DC52C69}.Release|Any CPU.Build.0 = Release|Any CPU
		{B30105D7-5D1F-4977-87B5-713E8D53863A}.Debug|Any CPU.ActiveCfg = Debug|Any CPU
		{B30105D7-5D1F-4977-87B5-713E8D53863A}.Debug|Any CPU.Build.0 = Debug|Any CPU
		{B30105D7-5D1F-4977-87B5-713E8D53863A}.Release|Any CPU.ActiveCfg = Release|Any CPU
		{B30105D7-5D1F-4977-87B5-713E8D53863A}.Release|Any CPU.Build.0 = Release|Any CPU
		{C2D9E003-D565-431F-B4AA-88BC9E73E859}.Debug|Any CPU.ActiveCfg = Debug|Any CPU
		{C2D9E003-D565-431F-B4AA-88BC9E73E859}.Debug|Any CPU.Build.0 = Debug|Any CPU
		{C2D9E003-D565-431F-B4AA-88BC9E73E859}.Release|Any CPU.ActiveCfg = Release|Any CPU
		{C2D9E003-D565-431F-B4AA-88BC9E73E859}.Release|Any CPU.Build.0 = Release|Any CPU
		{A0043558-07B4-45D5-A6CF-F3172F0FE7F0}.Debug|Any CPU.ActiveCfg = Debug|Any CPU
		{A0043558-07B4-45D5-A6CF-F3172F0FE7F0}.Debug|Any CPU.Build.0 = Debug|Any CPU
		{A0043558-07B4-45D5-A6CF-F3172F0FE7F0}.Release|Any CPU.ActiveCfg = Release|Any CPU
		{A0043558-07B4-45D5-A6CF-F3172F0FE7F0}.Release|Any CPU.Build.0 = Release|Any CPU
		{7E08069F-28D6-443F-8901-2CCF87EDB4C4}.Debug|Any CPU.ActiveCfg = Debug|Any CPU
		{7E08069F-28D6-443F-8901-2CCF87EDB4C4}.Debug|Any CPU.Build.0 = Debug|Any CPU
		{7E08069F-28D6-443F-8901-2CCF87EDB4C4}.Release|Any CPU.ActiveCfg = Release|Any CPU
		{7E08069F-28D6-443F-8901-2CCF87EDB4C4}.Release|Any CPU.Build.0 = Release|Any CPU
		{B39B5C79-1528-45D6-84E2-3E37316CB92C}.Debug|Any CPU.ActiveCfg = Debug|Any CPU
		{B39B5C79-1528-45D6-84E2-3E37316CB92C}.Debug|Any CPU.Build.0 = Debug|Any CPU
		{B39B5C79-1528-45D6-84E2-3E37316CB92C}.Release|Any CPU.ActiveCfg = Release|Any CPU
		{B39B5C79-1528-45D6-84E2-3E37316CB92C}.Release|Any CPU.Build.0 = Release|Any CPU
		{C64CB5F7-2AC3-4EF3-B2C6-5A0B23CD0E77}.Debug|Any CPU.ActiveCfg = Debug|Any CPU
		{C64CB5F7-2AC3-4EF3-B2C6-5A0B23CD0E77}.Debug|Any CPU.Build.0 = Debug|Any CPU
		{C64CB5F7-2AC3-4EF3-B2C6-5A0B23CD0E77}.Release|Any CPU.ActiveCfg = Release|Any CPU
		{C64CB5F7-2AC3-4EF3-B2C6-5A0B23CD0E77}.Release|Any CPU.Build.0 = Release|Any CPU
		{9FFEF81B-F355-49CA-9ADF-08CFAACFD9BE}.Debug|Any CPU.ActiveCfg = Debug|Any CPU
		{9FFEF81B-F355-49CA-9ADF-08CFAACFD9BE}.Debug|Any CPU.Build.0 = Debug|Any CPU
		{9FFEF81B-F355-49CA-9ADF-08CFAACFD9BE}.Release|Any CPU.ActiveCfg = Release|Any CPU
		{9FFEF81B-F355-49CA-9ADF-08CFAACFD9BE}.Release|Any CPU.Build.0 = Release|Any CPU
		{ABCEB6AC-7150-4DA4-ADE6-27AEC22876C4}.Debug|Any CPU.ActiveCfg = Debug|Any CPU
		{ABCEB6AC-7150-4DA4-ADE6-27AEC22876C4}.Debug|Any CPU.Build.0 = Debug|Any CPU
		{ABCEB6AC-7150-4DA4-ADE6-27AEC22876C4}.Release|Any CPU.ActiveCfg = Release|Any CPU
		{ABCEB6AC-7150-4DA4-ADE6-27AEC22876C4}.Release|Any CPU.Build.0 = Release|Any CPU
		{A8FA8285-DB37-46B3-A0FF-84472AA321A0}.Debug|Any CPU.ActiveCfg = Debug|Any CPU
		{A8FA8285-DB37-46B3-A0FF-84472AA321A0}.Debug|Any CPU.Build.0 = Debug|Any CPU
		{A8FA8285-DB37-46B3-A0FF-84472AA321A0}.Release|Any CPU.ActiveCfg = Release|Any CPU
		{A8FA8285-DB37-46B3-A0FF-84472AA321A0}.Release|Any CPU.Build.0 = Release|Any CPU
		{238AE8E1-2257-43D1-92E5-806E22DC4B35}.Debug|Any CPU.ActiveCfg = Debug|Any CPU
		{238AE8E1-2257-43D1-92E5-806E22DC4B35}.Debug|Any CPU.Build.0 = Debug|Any CPU
		{238AE8E1-2257-43D1-92E5-806E22DC4B35}.Release|Any CPU.ActiveCfg = Release|Any CPU
		{238AE8E1-2257-43D1-92E5-806E22DC4B35}.Release|Any CPU.Build.0 = Release|Any CPU
		{7B7D4037-907C-4C78-97E6-70FBDF2B7E2A}.Debug|Any CPU.ActiveCfg = Debug|Any CPU
		{7B7D4037-907C-4C78-97E6-70FBDF2B7E2A}.Debug|Any CPU.Build.0 = Debug|Any CPU
		{7B7D4037-907C-4C78-97E6-70FBDF2B7E2A}.Release|Any CPU.ActiveCfg = Release|Any CPU
		{7B7D4037-907C-4C78-97E6-70FBDF2B7E2A}.Release|Any CPU.Build.0 = Release|Any CPU
		{AB43999A-42A4-47D9-BC1F-E676D3C36DBA}.Debug|Any CPU.ActiveCfg = Debug|Any CPU
		{AB43999A-42A4-47D9-BC1F-E676D3C36DBA}.Debug|Any CPU.Build.0 = Debug|Any CPU
		{AB43999A-42A4-47D9-BC1F-E676D3C36DBA}.Release|Any CPU.ActiveCfg = Release|Any CPU
		{AB43999A-42A4-47D9-BC1F-E676D3C36DBA}.Release|Any CPU.Build.0 = Release|Any CPU
	EndGlobalSection
	GlobalSection(SolutionProperties) = preSolution
		HideSolutionNode = FALSE
	EndGlobalSection
	GlobalSection(NestedProjects) = preSolution
		{C98F07B6-1912-4D32-B3F0-F3B7C023D57D} = {E962781E-019E-47F9-B0E0-659A6E9B525A}
		{FD89CC3B-E912-41ED-8F76-E5AA89D5921E} = {FA7AE2AE-2C6E-4D95-ABAB-B61C4C05D534}
		{7FFD7DEF-C284-4946-AF9F-5A711DC52C69} = {FA7AE2AE-2C6E-4D95-ABAB-B61C4C05D534}
		{B30105D7-5D1F-4977-87B5-713E8D53863A} = {7FFF42B8-1D0B-4A5F-B912-3360F8EAA8EE}
		{C2D9E003-D565-431F-B4AA-88BC9E73E859} = {7FFF42B8-1D0B-4A5F-B912-3360F8EAA8EE}
		{A0043558-07B4-45D5-A6CF-F3172F0FE7F0} = {7D42C952-E205-4FE3-B09D-014F80050AA4}
		{7E08069F-28D6-443F-8901-2CCF87EDB4C4} = {7D42C952-E205-4FE3-B09D-014F80050AA4}
		{B39B5C79-1528-45D6-84E2-3E37316CB92C} = {E962781E-019E-47F9-B0E0-659A6E9B525A}
		{C64CB5F7-2AC3-4EF3-B2C6-5A0B23CD0E77} = {5F7AF4D8-68E2-4AE0-B472-FE5BF3F8479D}
		{9FFEF81B-F355-49CA-9ADF-08CFAACFD9BE} = {5F7AF4D8-68E2-4AE0-B472-FE5BF3F8479D}
		{ABCEB6AC-7150-4DA4-ADE6-27AEC22876C4} = {8ABA238D-13E3-4F40-9EC3-66630E88A22F}
		{8B6B59C3-9BEF-4D4B-AAD1-8F465AAD3139} = {03529658-7C3D-430C-9AC6-BC2B02FEF2AF}
		{8DC4DDBA-E89C-4095-B6B3-56E692FA9107} = {03529658-7C3D-430C-9AC6-BC2B02FEF2AF}
		{8ABA238D-13E3-4F40-9EC3-66630E88A22F} = {03529658-7C3D-430C-9AC6-BC2B02FEF2AF}
		{5F7AF4D8-68E2-4AE0-B472-FE5BF3F8479D} = {03529658-7C3D-430C-9AC6-BC2B02FEF2AF}
		{A8FA8285-DB37-46B3-A0FF-84472AA321A0} = {8DC4DDBA-E89C-4095-B6B3-56E692FA9107}
		{238AE8E1-2257-43D1-92E5-806E22DC4B35} = {8B6B59C3-9BEF-4D4B-AAD1-8F465AAD3139}
		{7B7D4037-907C-4C78-97E6-70FBDF2B7E2A} = {8B6B59C3-9BEF-4D4B-AAD1-8F465AAD3139}
		{AB43999A-42A4-47D9-BC1F-E676D3C36DBA} = {8ABA238D-13E3-4F40-9EC3-66630E88A22F}
	EndGlobalSection
	GlobalSection(ExtensibilityGlobals) = postSolution
		SolutionGuid = {E9576099-3902-47FC-B497-CEBCE09FBAEA}
	EndGlobalSection
EndGlobal
